// !$*UTF8*$!
{
	archiveVersion = 1;
	classes = {
	};
	objectVersion = 55;
	objects = {

/* Begin PBXBuildFile section */
		801257792763D1DF00DE1160 /* colorfulCheckmark.json in Resources */ = {isa = PBXBuildFile; fileRef = 801257782763D1DF00DE1160 /* colorfulCheckmark.json */; };
		8012577D276409CF00DE1160 /* rainbowLoader.json in Resources */ = {isa = PBXBuildFile; fileRef = 8012577C276409CF00DE1160 /* rainbowLoader.json */; };
		8012577F27755E6400DE1160 /* MealModel.swift in Sources */ = {isa = PBXBuildFile; fileRef = 8012577E27755E6400DE1160 /* MealModel.swift */; };
		8023FDB2278387F4003E728E /* MessagesManager.swift in Sources */ = {isa = PBXBuildFile; fileRef = 8023FDB1278387F4003E728E /* MessagesManager.swift */; };
		8023FDB52784C6F4003E728E /* MealChatRow.swift in Sources */ = {isa = PBXBuildFile; fileRef = 8023FDB42784C6F4003E728E /* MealChatRow.swift */; };
		8023FDB72784CA05003E728E /* MessageView.swift in Sources */ = {isa = PBXBuildFile; fileRef = 8023FDB62784CA05003E728E /* MessageView.swift */; };
		8023FDBA2784D0FA003E728E /* ChatRow.swift in Sources */ = {isa = PBXBuildFile; fileRef = 8023FDB92784D0FA003E728E /* ChatRow.swift */; };
		8023FDBC2784D908003E728E /* MealVariables.swift in Sources */ = {isa = PBXBuildFile; fileRef = 8023FDBB2784D908003E728E /* MealVariables.swift */; };
		8023FDBE2784E915003E728E /* ChatBubble.swift in Sources */ = {isa = PBXBuildFile; fileRef = 8023FDBD2784E915003E728E /* ChatBubble.swift */; };
		8023FDC227852F5E003E728E /* astronaut.json in Resources */ = {isa = PBXBuildFile; fileRef = 8023FDC127852F5E003E728E /* astronaut.json */; };
		8023FDC427853E08003E728E /* iceRocket.json in Resources */ = {isa = PBXBuildFile; fileRef = 8023FDC327853E08003E728E /* iceRocket.json */; };
		8023FDC8278685CC003E728E /* TextEditorBubble.swift in Sources */ = {isa = PBXBuildFile; fileRef = 8023FDC7278685CC003E728E /* TextEditorBubble.swift */; };
		8023FDCA27868728003E728E /* FieldView.swift in Sources */ = {isa = PBXBuildFile; fileRef = 8023FDC927868728003E728E /* FieldView.swift */; };
		8023FDCC278692D9003E728E /* Observer.swift in Sources */ = {isa = PBXBuildFile; fileRef = 8023FDCB278692D9003E728E /* Observer.swift */; };
		8023FDCE27875106003E728E /* DynamicHeightTextField.swift in Sources */ = {isa = PBXBuildFile; fileRef = 8023FDCD27875105003E728E /* DynamicHeightTextField.swift */; };
		8023FDD22787AC98003E728E /* ToBottomMessageButton.swift in Sources */ = {isa = PBXBuildFile; fileRef = 8023FDD12787AC98003E728E /* ToBottomMessageButton.swift */; };
		8023FDD42787D3E5003E728E /* ChatTimeStamp.swift in Sources */ = {isa = PBXBuildFile; fileRef = 8023FDD32787D3E5003E728E /* ChatTimeStamp.swift */; };
		802BC314273DC926004F1505 /* NotificationService.swift in Sources */ = {isa = PBXBuildFile; fileRef = 802BC313273DC926004F1505 /* NotificationService.swift */; };
		802BC318273DC926004F1505 /* notifications for mealq.appex in Embed App Extensions */ = {isa = PBXBuildFile; fileRef = 802BC311273DC926004F1505 /* notifications for mealq.appex */; settings = {ATTRIBUTES = (RemoveHeadersOnCopy, ); }; };
		802BC31E273DC92F004F1505 /* FirebaseMessaging in Frameworks */ = {isa = PBXBuildFile; productRef = 802BC31D273DC92F004F1505 /* FirebaseMessaging */; };
		802BC320273F6F74004F1505 /* Constants.swift in Sources */ = {isa = PBXBuildFile; fileRef = 802BC31F273F6F74004F1505 /* Constants.swift */; };
		802BC322273F7394004F1505 /* SingleNotificationView.swift in Sources */ = {isa = PBXBuildFile; fileRef = 802BC321273F7394004F1505 /* SingleNotificationView.swift */; };
		802BC32427404D87004F1505 /* AlertButton.swift in Sources */ = {isa = PBXBuildFile; fileRef = 802BC32327404D87004F1505 /* AlertButton.swift */; };
		802BC32627404E47004F1505 /* SearchButton.swift in Sources */ = {isa = PBXBuildFile; fileRef = 802BC32527404E47004F1505 /* SearchButton.swift */; };
		802BC32927405083004F1505 /* SearchScreen.swift in Sources */ = {isa = PBXBuildFile; fileRef = 802BC32827405083004F1505 /* SearchScreen.swift */; };
		802BC32C274063A3004F1505 /* NotificationView.swift in Sources */ = {isa = PBXBuildFile; fileRef = 802BC32B274063A3004F1505 /* NotificationView.swift */; };
		802BC32E27435472004F1505 /* FirebaseAppCheck in Frameworks */ = {isa = PBXBuildFile; productRef = 802BC32D27435472004F1505 /* FirebaseAppCheck */; };
		802BC33027435561004F1505 /* FirebaseAnalytics in Frameworks */ = {isa = PBXBuildFile; productRef = 802BC32F27435561004F1505 /* FirebaseAnalytics */; };
		802BC3332743FAC9004F1505 /* SplashScreen.swift in Sources */ = {isa = PBXBuildFile; fileRef = 802BC3322743FAC9004F1505 /* SplashScreen.swift */; };
		802BC3362745AA6E004F1505 /* Introspect in Frameworks */ = {isa = PBXBuildFile; productRef = 802BC3352745AA6E004F1505 /* Introspect */; };
		802E5609275C592900464CA6 /* Lottie in Frameworks */ = {isa = PBXBuildFile; productRef = 802E5608275C592900464CA6 /* Lottie */; };
		802E560B275C5A3000464CA6 /* bearLoader.json in Resources */ = {isa = PBXBuildFile; fileRef = 802E560A275C5A3000464CA6 /* bearLoader.json */; };
		802E560D275C5CF200464CA6 /* LottieView.swift in Sources */ = {isa = PBXBuildFile; fileRef = 802E560C275C5CF200464CA6 /* LottieView.swift */; };
		802E5611275D371200464CA6 /* DateSelection.swift in Sources */ = {isa = PBXBuildFile; fileRef = 802E5610275D371200464CA6 /* DateSelection.swift */; };
		802E5613275FA74300464CA6 /* MealsManager.swift in Sources */ = {isa = PBXBuildFile; fileRef = 802E5612275FA74300464CA6 /* MealsManager.swift */; };
		802E56172763CA0E00464CA6 /* error.json in Resources */ = {isa = PBXBuildFile; fileRef = 802E56162763CA0E00464CA6 /* error.json */; };
		805F28FC274DA449002DEA8D /* BigUserPicMotionObserver.swift in Sources */ = {isa = PBXBuildFile; fileRef = 805F28FB274DA449002DEA8D /* BigUserPicMotionObserver.swift */; };
		807631A027B1A22B00A91E94 /* UserFriends.swift in Sources */ = {isa = PBXBuildFile; fileRef = 8076319F27B1A22B00A91E94 /* UserFriends.swift */; };
		807631A227B8516600A91E94 /* SetDetailedDate.swift in Sources */ = {isa = PBXBuildFile; fileRef = 807631A127B8516600A91E94 /* SetDetailedDate.swift */; };
		807631A427B89E0D00A91E94 /* MealDatePicker.swift in Sources */ = {isa = PBXBuildFile; fileRef = 807631A327B89E0C00A91E94 /* MealDatePicker.swift */; };
		807631A627B89EC900A91E94 /* DatePickerViewModel.swift in Sources */ = {isa = PBXBuildFile; fileRef = 807631A527B89EC900A91E94 /* DatePickerViewModel.swift */; };
		807631A827B8C41F00A91E94 /* MealDetailNotiView.swift in Sources */ = {isa = PBXBuildFile; fileRef = 807631A727B8C41F00A91E94 /* MealDetailNotiView.swift */; };
		8079DEEF2745F4C8001420CE /* Haptics.swift in Sources */ = {isa = PBXBuildFile; fileRef = 8079DEEE2745F4C8001420CE /* Haptics.swift */; };
		808257A727A476CB0020B9FE /* PlaceholderCard.swift in Sources */ = {isa = PBXBuildFile; fileRef = 808257A627A476CB0020B9FE /* PlaceholderCard.swift */; };
		808257A927A5B5EA0020B9FE /* star.json in Resources */ = {isa = PBXBuildFile; fileRef = 808257A827A5B5EA0020B9FE /* star.json */; };
		80964EAD2739ABEA00F54B6D /* AppDelegate.swift in Sources */ = {isa = PBXBuildFile; fileRef = 80964EAC2739ABEA00F54B6D /* AppDelegate.swift */; };
		80A48CE42746C61000063B57 /* FakeSearchBar.swift in Sources */ = {isa = PBXBuildFile; fileRef = 80A48CE32746C61000063B57 /* FakeSearchBar.swift */; };
		80A48CEA2746DCC500063B57 /* SingleFriendPane.swift in Sources */ = {isa = PBXBuildFile; fileRef = 80A48CE92746DCC500063B57 /* SingleFriendPane.swift */; };
		80A48CEC274716E600063B57 /* FriendSelection.swift in Sources */ = {isa = PBXBuildFile; fileRef = 80A48CEB274716E600063B57 /* FriendSelection.swift */; };
		80A48D0A274D983A00063B57 /* BigUserPicView.swift in Sources */ = {isa = PBXBuildFile; fileRef = 80A48D09274D983A00063B57 /* BigUserPicView.swift */; };
		80A8B71127A5E629002A5C58 /* GoogleSignIn in Frameworks */ = {isa = PBXBuildFile; productRef = 80A8B71027A5E629002A5C58 /* GoogleSignIn */; };
		80A8B71327A9BCE1002A5C58 /* wagmi-loading.json in Resources */ = {isa = PBXBuildFile; fileRef = 80A8B71227A9BCE0002A5C58 /* wagmi-loading.json */; };
		80C12067272E02CB006D125D /* mealqApp.swift in Sources */ = {isa = PBXBuildFile; fileRef = 80C12066272E02CB006D125D /* mealqApp.swift */; };
		80C12069272E02CB006D125D /* ContentView.swift in Sources */ = {isa = PBXBuildFile; fileRef = 80C12068272E02CB006D125D /* ContentView.swift */; };
		80C1206B272E02CC006D125D /* Assets.xcassets in Resources */ = {isa = PBXBuildFile; fileRef = 80C1206A272E02CC006D125D /* Assets.xcassets */; };
		80C1206E272E02CC006D125D /* Preview Assets.xcassets in Resources */ = {isa = PBXBuildFile; fileRef = 80C1206D272E02CC006D125D /* Preview Assets.xcassets */; };
		80C12075272E031C006D125D /* GoogleService-Info.plist in Resources */ = {isa = PBXBuildFile; fileRef = 80C12074272E031B006D125D /* GoogleService-Info.plist */; };
		80C1207A272E0341006D125D /* FirebaseAuth in Frameworks */ = {isa = PBXBuildFile; productRef = 80C12079272E0341006D125D /* FirebaseAuth */; };
		80C1207C272E0341006D125D /* FirebaseFirestore in Frameworks */ = {isa = PBXBuildFile; productRef = 80C1207B272E0341006D125D /* FirebaseFirestore */; };
		80C1207E272E0341006D125D /* FirebaseMessaging in Frameworks */ = {isa = PBXBuildFile; productRef = 80C1207D272E0341006D125D /* FirebaseMessaging */; };
		80C12080272E0341006D125D /* FirebaseStorage in Frameworks */ = {isa = PBXBuildFile; productRef = 80C1207F272E0341006D125D /* FirebaseStorage */; };
		80C12084272E06A1006D125D /* FacebookCore in Frameworks */ = {isa = PBXBuildFile; productRef = 80C12083272E06A1006D125D /* FacebookCore */; };
		80C12086272E06A1006D125D /* FacebookLogin in Frameworks */ = {isa = PBXBuildFile; productRef = 80C12085272E06A1006D125D /* FacebookLogin */; };
		80C1208C272E472C006D125D /* UserModel.swift in Sources */ = {isa = PBXBuildFile; fileRef = 80C1208B272E472C006D125D /* UserModel.swift */; };
		80C1208F272E4841006D125D /* SessionViewModel.swift in Sources */ = {isa = PBXBuildFile; fileRef = 80C1208E272E4841006D125D /* SessionViewModel.swift */; };
		80C12091272E4F62006D125D /* UserLoginView.swift in Sources */ = {isa = PBXBuildFile; fileRef = 80C12090272E4F62006D125D /* UserLoginView.swift */; };
		80C12096272E5024006D125D /* MealsView.swift in Sources */ = {isa = PBXBuildFile; fileRef = 80C12095272E5024006D125D /* MealsView.swift */; };
		80C12098272E502E006D125D /* ProfileView.swift in Sources */ = {isa = PBXBuildFile; fileRef = 80C12097272E502E006D125D /* ProfileView.swift */; };
		80C1209B272E5066006D125D /* CreateMealButton.swift in Sources */ = {isa = PBXBuildFile; fileRef = 80C1209A272E5066006D125D /* CreateMealButton.swift */; };
		80C1209D272E5080006D125D /* InviteSheet.swift in Sources */ = {isa = PBXBuildFile; fileRef = 80C1209C272E5080006D125D /* InviteSheet.swift */; };
		80C120A0272E511D006D125D /* MainAppView.swift in Sources */ = {isa = PBXBuildFile; fileRef = 80C1209F272E511D006D125D /* MainAppView.swift */; };
		80C120A3272E55EE006D125D /* mealqButtonStyle.swift in Sources */ = {isa = PBXBuildFile; fileRef = 80C120A2272E55EE006D125D /* mealqButtonStyle.swift */; };
		80C120A5272F4B7A006D125D /* Fonts in Resources */ = {isa = PBXBuildFile; fileRef = 80C120A4272F4B7A006D125D /* Fonts */; };
		80C120AC272F851B006D125D /* ProfilePicView.swift in Sources */ = {isa = PBXBuildFile; fileRef = 80C120AB272F851B006D125D /* ProfilePicView.swift */; };
		80C120AF272F86C9006D125D /* ActivityIndicatorView in Frameworks */ = {isa = PBXBuildFile; productRef = 80C120AE272F86C9006D125D /* ActivityIndicatorView */; };
		80C120B1272F8C54006D125D /* MakeColors.swift in Sources */ = {isa = PBXBuildFile; fileRef = 80C120B0272F8C54006D125D /* MakeColors.swift */; };
		80C120B3272F93CE006D125D /* test.swift in Sources */ = {isa = PBXBuildFile; fileRef = 80C120B2272F93CD006D125D /* test.swift */; };
		80C120B5272F984D006D125D /* ProfilePicStyles.swift in Sources */ = {isa = PBXBuildFile; fileRef = 80C120B4272F984C006D125D /* ProfilePicStyles.swift */; };
		80C120B7272F98B8006D125D /* ResizeFont.swift in Sources */ = {isa = PBXBuildFile; fileRef = 80C120B6272F98B8006D125D /* ResizeFont.swift */; };
		80E72158278CA76700FBB6E3 /* MealTimeStamp.swift in Sources */ = {isa = PBXBuildFile; fileRef = 80E72157278CA76700FBB6E3 /* MealTimeStamp.swift */; };
		80E7215B278CADEC00FBB6E3 /* RowProfilePicView.swift in Sources */ = {isa = PBXBuildFile; fileRef = 80E7215A278CADEC00FBB6E3 /* RowProfilePicView.swift */; };
		80E7215D278E374C00FBB6E3 /* DebugView.swift in Sources */ = {isa = PBXBuildFile; fileRef = 80E7215C278E374C00FBB6E3 /* DebugView.swift */; };
		80E72161278F472600FBB6E3 /* CustomNavigationLink.swift in Sources */ = {isa = PBXBuildFile; fileRef = 80E72160278F472600FBB6E3 /* CustomNavigationLink.swift */; };
		80E72163278F707B00FBB6E3 /* CalendarBadge.swift in Sources */ = {isa = PBXBuildFile; fileRef = 80E72162278F707B00FBB6E3 /* CalendarBadge.swift */; };
		80E72165278FA30100FBB6E3 /* DateUtils.swift in Sources */ = {isa = PBXBuildFile; fileRef = 80E72164278FA30100FBB6E3 /* DateUtils.swift */; };
		80E721672790AA4A00FBB6E3 /* FirebaseFunctions in Frameworks */ = {isa = PBXBuildFile; productRef = 80E721662790AA4A00FBB6E3 /* FirebaseFunctions */; };
		80E721692792185C00FBB6E3 /* ViewManager.swift in Sources */ = {isa = PBXBuildFile; fileRef = 80E721682792185B00FBB6E3 /* ViewManager.swift */; };
		80E9388D279A137D00B06ED2 /* NotificationItem.swift in Sources */ = {isa = PBXBuildFile; fileRef = 80E9388C279A137D00B06ED2 /* NotificationItem.swift */; };
		80E9388F27A04E3B00B06ED2 /* ActivitiesManager.swift in Sources */ = {isa = PBXBuildFile; fileRef = 80E9388E27A04E3B00B06ED2 /* ActivitiesManager.swift */; };
		80E9389227A42D8E00B06ED2 /* ActivitiesZone.swift in Sources */ = {isa = PBXBuildFile; fileRef = 80E9389127A42D8E00B06ED2 /* ActivitiesZone.swift */; };
		80E9389427A42F2C00B06ED2 /* SingleActivityCard.swift in Sources */ = {isa = PBXBuildFile; fileRef = 80E9389327A42F2C00B06ED2 /* SingleActivityCard.swift */; };
		80E9389627A44AB200B06ED2 /* envelope.json in Resources */ = {isa = PBXBuildFile; fileRef = 80E9389527A44AB100B06ED2 /* envelope.json */; };
		80EFC3732731DE8B005520D3 /* FriendsManager.swift in Sources */ = {isa = PBXBuildFile; fileRef = 80EFC3722731DE8A005520D3 /* FriendsManager.swift */; };
		80EFC3752732EE38005520D3 /* GestureActions.swift in Sources */ = {isa = PBXBuildFile; fileRef = 80EFC3742732EE38005520D3 /* GestureActions.swift */; };
		80EFC3792732EF5F005520D3 /* SocialView.swift in Sources */ = {isa = PBXBuildFile; fileRef = 80EFC3782732EF5F005520D3 /* SocialView.swift */; };
		80EFC37B2732EF78005520D3 /* SearchBarComponents.swift in Sources */ = {isa = PBXBuildFile; fileRef = 80EFC37A2732EF78005520D3 /* SearchBarComponents.swift */; };
		80EFC37D27330921005520D3 /* CustomSearchBar.swift in Sources */ = {isa = PBXBuildFile; fileRef = 80EFC37C27330921005520D3 /* CustomSearchBar.swift */; };
		80EFC37F27330A19005520D3 /* QueryScreen.swift in Sources */ = {isa = PBXBuildFile; fileRef = 80EFC37E27330A19005520D3 /* QueryScreen.swift */; };
		80EFC38427331781005520D3 /* SectionHeader.swift in Sources */ = {isa = PBXBuildFile; fileRef = 80EFC38327331781005520D3 /* SectionHeader.swift */; };
		80EFC38627333D46005520D3 /* SectionView.swift in Sources */ = {isa = PBXBuildFile; fileRef = 80EFC38527333D46005520D3 /* SectionView.swift */; };
		80EFC38827334D35005520D3 /* NoMatchView.swift in Sources */ = {isa = PBXBuildFile; fileRef = 80EFC38727334D35005520D3 /* NoMatchView.swift */; };
		80EFC38A27336984005520D3 /* ReferralView.swift in Sources */ = {isa = PBXBuildFile; fileRef = 80EFC38927336984005520D3 /* ReferralView.swift */; };
		80EFC38C27345423005520D3 /* UserProfileView.swift in Sources */ = {isa = PBXBuildFile; fileRef = 80EFC38B27345423005520D3 /* UserProfileView.swift */; };
		80EFC38F273496FA005520D3 /* ConnectButton.swift in Sources */ = {isa = PBXBuildFile; fileRef = 80EFC38E273496FA005520D3 /* ConnectButton.swift */; };
		80F41FF72776C18F0080C67D /* General.swift in Sources */ = {isa = PBXBuildFile; fileRef = 80F41FF62776C18F0080C67D /* General.swift */; };
		80F41FF92780C9300080C67D /* MealDetailView.swift in Sources */ = {isa = PBXBuildFile; fileRef = 80F41FF82780C9300080C67D /* MealDetailView.swift */; };
		80F41FFC2780D4900080C67D /* MealControlButtons.swift in Sources */ = {isa = PBXBuildFile; fileRef = 80F41FFB2780D4900080C67D /* MealControlButtons.swift */; };
		80F41FFE2780FFF40080C67D /* UserMealStatus.swift in Sources */ = {isa = PBXBuildFile; fileRef = 80F41FFD2780FFF40080C67D /* UserMealStatus.swift */; };
		80F420002783860A0080C67D /* MessageModel.swift in Sources */ = {isa = PBXBuildFile; fileRef = 80F41FFF278386090080C67D /* MessageModel.swift */; };
		80F5064927AD7F5200FDD900 /* SearchAndSelectFriends.swift in Sources */ = {isa = PBXBuildFile; fileRef = 80F5064827AD7F5200FDD900 /* SearchAndSelectFriends.swift */; };
/* End PBXBuildFile section */

/* Begin PBXContainerItemProxy section */
		802BC316273DC926004F1505 /* PBXContainerItemProxy */ = {
			isa = PBXContainerItemProxy;
			containerPortal = 80C1205B272E02CB006D125D /* Project object */;
			proxyType = 1;
			remoteGlobalIDString = 802BC310273DC926004F1505;
			remoteInfo = "notifications for mealq";
		};
/* End PBXContainerItemProxy section */

/* Begin PBXCopyFilesBuildPhase section */
		80964EC0273DA7E900F54B6D /* Embed App Extensions */ = {
			isa = PBXCopyFilesBuildPhase;
			buildActionMask = 2147483647;
			dstPath = "";
			dstSubfolderSpec = 13;
			files = (
				802BC318273DC926004F1505 /* notifications for mealq.appex in Embed App Extensions */,
			);
			name = "Embed App Extensions";
			runOnlyForDeploymentPostprocessing = 0;
		};
/* End PBXCopyFilesBuildPhase section */

/* Begin PBXFileReference section */
		801257782763D1DF00DE1160 /* colorfulCheckmark.json */ = {isa = PBXFileReference; fileEncoding = 4; lastKnownFileType = text.json; path = colorfulCheckmark.json; sourceTree = "<group>"; };
		8012577C276409CF00DE1160 /* rainbowLoader.json */ = {isa = PBXFileReference; fileEncoding = 4; lastKnownFileType = text.json; path = rainbowLoader.json; sourceTree = "<group>"; };
		8012577E27755E6400DE1160 /* MealModel.swift */ = {isa = PBXFileReference; lastKnownFileType = sourcecode.swift; path = MealModel.swift; sourceTree = "<group>"; };
		8023FDB1278387F4003E728E /* MessagesManager.swift */ = {isa = PBXFileReference; lastKnownFileType = sourcecode.swift; path = MessagesManager.swift; sourceTree = "<group>"; };
		8023FDB42784C6F4003E728E /* MealChatRow.swift */ = {isa = PBXFileReference; lastKnownFileType = sourcecode.swift; path = MealChatRow.swift; sourceTree = "<group>"; };
		8023FDB62784CA05003E728E /* MessageView.swift */ = {isa = PBXFileReference; lastKnownFileType = sourcecode.swift; path = MessageView.swift; sourceTree = "<group>"; };
		8023FDB92784D0FA003E728E /* ChatRow.swift */ = {isa = PBXFileReference; lastKnownFileType = sourcecode.swift; path = ChatRow.swift; sourceTree = "<group>"; };
		8023FDBB2784D908003E728E /* MealVariables.swift */ = {isa = PBXFileReference; lastKnownFileType = sourcecode.swift; path = MealVariables.swift; sourceTree = "<group>"; };
		8023FDBD2784E915003E728E /* ChatBubble.swift */ = {isa = PBXFileReference; lastKnownFileType = sourcecode.swift; path = ChatBubble.swift; sourceTree = "<group>"; };
		8023FDC127852F5E003E728E /* astronaut.json */ = {isa = PBXFileReference; fileEncoding = 4; lastKnownFileType = text.json; path = astronaut.json; sourceTree = "<group>"; };
		8023FDC327853E08003E728E /* iceRocket.json */ = {isa = PBXFileReference; fileEncoding = 4; lastKnownFileType = text.json; path = iceRocket.json; sourceTree = "<group>"; };
		8023FDC7278685CC003E728E /* TextEditorBubble.swift */ = {isa = PBXFileReference; lastKnownFileType = sourcecode.swift; path = TextEditorBubble.swift; sourceTree = "<group>"; };
		8023FDC927868728003E728E /* FieldView.swift */ = {isa = PBXFileReference; lastKnownFileType = sourcecode.swift; path = FieldView.swift; sourceTree = "<group>"; };
		8023FDCB278692D9003E728E /* Observer.swift */ = {isa = PBXFileReference; lastKnownFileType = sourcecode.swift; path = Observer.swift; sourceTree = "<group>"; };
		8023FDCD27875105003E728E /* DynamicHeightTextField.swift */ = {isa = PBXFileReference; lastKnownFileType = sourcecode.swift; path = DynamicHeightTextField.swift; sourceTree = "<group>"; };
		8023FDD12787AC98003E728E /* ToBottomMessageButton.swift */ = {isa = PBXFileReference; lastKnownFileType = sourcecode.swift; path = ToBottomMessageButton.swift; sourceTree = "<group>"; };
		8023FDD32787D3E5003E728E /* ChatTimeStamp.swift */ = {isa = PBXFileReference; lastKnownFileType = sourcecode.swift; path = ChatTimeStamp.swift; sourceTree = "<group>"; };
		802BC30C273DC8BB004F1505 /* mealq.app */ = {isa = PBXFileReference; explicitFileType = wrapper.application; includeInIndex = 0; path = mealq.app; sourceTree = BUILT_PRODUCTS_DIR; };
		802BC311273DC926004F1505 /* notifications for mealq.appex */ = {isa = PBXFileReference; explicitFileType = "wrapper.app-extension"; includeInIndex = 0; path = "notifications for mealq.appex"; sourceTree = BUILT_PRODUCTS_DIR; };
		802BC313273DC926004F1505 /* NotificationService.swift */ = {isa = PBXFileReference; lastKnownFileType = sourcecode.swift; path = NotificationService.swift; sourceTree = "<group>"; };
		802BC315273DC926004F1505 /* Info.plist */ = {isa = PBXFileReference; lastKnownFileType = text.plist.xml; path = Info.plist; sourceTree = "<group>"; };
		802BC31F273F6F74004F1505 /* Constants.swift */ = {isa = PBXFileReference; lastKnownFileType = sourcecode.swift; path = Constants.swift; sourceTree = "<group>"; };
		802BC321273F7394004F1505 /* SingleNotificationView.swift */ = {isa = PBXFileReference; lastKnownFileType = sourcecode.swift; path = SingleNotificationView.swift; sourceTree = "<group>"; };
		802BC32327404D87004F1505 /* AlertButton.swift */ = {isa = PBXFileReference; lastKnownFileType = sourcecode.swift; path = AlertButton.swift; sourceTree = "<group>"; };
		802BC32527404E47004F1505 /* SearchButton.swift */ = {isa = PBXFileReference; lastKnownFileType = sourcecode.swift; path = SearchButton.swift; sourceTree = "<group>"; };
		802BC32827405083004F1505 /* SearchScreen.swift */ = {isa = PBXFileReference; lastKnownFileType = sourcecode.swift; path = SearchScreen.swift; sourceTree = "<group>"; };
		802BC32B274063A3004F1505 /* NotificationView.swift */ = {isa = PBXFileReference; lastKnownFileType = sourcecode.swift; path = NotificationView.swift; sourceTree = "<group>"; };
		802BC3322743FAC9004F1505 /* SplashScreen.swift */ = {isa = PBXFileReference; lastKnownFileType = sourcecode.swift; path = SplashScreen.swift; sourceTree = "<group>"; };
		802E560A275C5A3000464CA6 /* bearLoader.json */ = {isa = PBXFileReference; fileEncoding = 4; lastKnownFileType = text.json; path = bearLoader.json; sourceTree = "<group>"; };
		802E560C275C5CF200464CA6 /* LottieView.swift */ = {isa = PBXFileReference; lastKnownFileType = sourcecode.swift; path = LottieView.swift; sourceTree = "<group>"; };
		802E5610275D371200464CA6 /* DateSelection.swift */ = {isa = PBXFileReference; lastKnownFileType = sourcecode.swift; path = DateSelection.swift; sourceTree = "<group>"; };
		802E5612275FA74300464CA6 /* MealsManager.swift */ = {isa = PBXFileReference; lastKnownFileType = sourcecode.swift; path = MealsManager.swift; sourceTree = "<group>"; };
		802E56162763CA0E00464CA6 /* error.json */ = {isa = PBXFileReference; fileEncoding = 4; lastKnownFileType = text.json; path = error.json; sourceTree = "<group>"; };
		805F28FB274DA449002DEA8D /* BigUserPicMotionObserver.swift */ = {isa = PBXFileReference; lastKnownFileType = sourcecode.swift; path = BigUserPicMotionObserver.swift; sourceTree = "<group>"; };
		8076319F27B1A22B00A91E94 /* UserFriends.swift */ = {isa = PBXFileReference; lastKnownFileType = sourcecode.swift; path = UserFriends.swift; sourceTree = "<group>"; };
		807631A127B8516600A91E94 /* SetDetailedDate.swift */ = {isa = PBXFileReference; lastKnownFileType = sourcecode.swift; path = SetDetailedDate.swift; sourceTree = "<group>"; };
		807631A327B89E0C00A91E94 /* MealDatePicker.swift */ = {isa = PBXFileReference; lastKnownFileType = sourcecode.swift; path = MealDatePicker.swift; sourceTree = "<group>"; };
		807631A527B89EC900A91E94 /* DatePickerViewModel.swift */ = {isa = PBXFileReference; lastKnownFileType = sourcecode.swift; path = DatePickerViewModel.swift; sourceTree = "<group>"; };
		807631A727B8C41F00A91E94 /* MealDetailNotiView.swift */ = {isa = PBXFileReference; lastKnownFileType = sourcecode.swift; path = MealDetailNotiView.swift; sourceTree = "<group>"; };
		8079DEEE2745F4C8001420CE /* Haptics.swift */ = {isa = PBXFileReference; lastKnownFileType = sourcecode.swift; path = Haptics.swift; sourceTree = "<group>"; };
		808257A627A476CB0020B9FE /* PlaceholderCard.swift */ = {isa = PBXFileReference; lastKnownFileType = sourcecode.swift; path = PlaceholderCard.swift; sourceTree = "<group>"; };
		808257A827A5B5EA0020B9FE /* star.json */ = {isa = PBXFileReference; fileEncoding = 4; lastKnownFileType = text.json; path = star.json; sourceTree = "<group>"; };
		80964EAB2738AB4900F54B6D /* mealq.entitlements */ = {isa = PBXFileReference; lastKnownFileType = text.plist.entitlements; path = mealq.entitlements; sourceTree = "<group>"; };
		80964EAC2739ABEA00F54B6D /* AppDelegate.swift */ = {isa = PBXFileReference; lastKnownFileType = sourcecode.swift; path = AppDelegate.swift; sourceTree = "<group>"; };
		80A48CE32746C61000063B57 /* FakeSearchBar.swift */ = {isa = PBXFileReference; lastKnownFileType = sourcecode.swift; path = FakeSearchBar.swift; sourceTree = "<group>"; };
		80A48CE92746DCC500063B57 /* SingleFriendPane.swift */ = {isa = PBXFileReference; lastKnownFileType = sourcecode.swift; path = SingleFriendPane.swift; sourceTree = "<group>"; };
		80A48CEB274716E600063B57 /* FriendSelection.swift */ = {isa = PBXFileReference; lastKnownFileType = sourcecode.swift; path = FriendSelection.swift; sourceTree = "<group>"; };
		80A48D09274D983A00063B57 /* BigUserPicView.swift */ = {isa = PBXFileReference; lastKnownFileType = sourcecode.swift; path = BigUserPicView.swift; sourceTree = "<group>"; };
		80A8B71227A9BCE0002A5C58 /* wagmi-loading.json */ = {isa = PBXFileReference; fileEncoding = 4; lastKnownFileType = text.json; path = "wagmi-loading.json"; sourceTree = "<group>"; };
		80C12066272E02CB006D125D /* mealqApp.swift */ = {isa = PBXFileReference; lastKnownFileType = sourcecode.swift; path = mealqApp.swift; sourceTree = "<group>"; };
		80C12068272E02CB006D125D /* ContentView.swift */ = {isa = PBXFileReference; lastKnownFileType = sourcecode.swift; path = ContentView.swift; sourceTree = "<group>"; };
		80C1206A272E02CC006D125D /* Assets.xcassets */ = {isa = PBXFileReference; lastKnownFileType = folder.assetcatalog; path = Assets.xcassets; sourceTree = "<group>"; };
		80C1206D272E02CC006D125D /* Preview Assets.xcassets */ = {isa = PBXFileReference; lastKnownFileType = folder.assetcatalog; path = "Preview Assets.xcassets"; sourceTree = "<group>"; };
		80C12074272E031B006D125D /* GoogleService-Info.plist */ = {isa = PBXFileReference; fileEncoding = 4; lastKnownFileType = text.plist.xml; path = "GoogleService-Info.plist"; sourceTree = "<group>"; };
		80C12081272E039E006D125D /* Info.plist */ = {isa = PBXFileReference; lastKnownFileType = text.plist; path = Info.plist; sourceTree = "<group>"; };
		80C1208B272E472C006D125D /* UserModel.swift */ = {isa = PBXFileReference; lastKnownFileType = sourcecode.swift; path = UserModel.swift; sourceTree = "<group>"; };
		80C1208E272E4841006D125D /* SessionViewModel.swift */ = {isa = PBXFileReference; lastKnownFileType = sourcecode.swift; path = SessionViewModel.swift; sourceTree = "<group>"; };
		80C12090272E4F62006D125D /* UserLoginView.swift */ = {isa = PBXFileReference; lastKnownFileType = sourcecode.swift; path = UserLoginView.swift; sourceTree = "<group>"; };
		80C12095272E5024006D125D /* MealsView.swift */ = {isa = PBXFileReference; lastKnownFileType = sourcecode.swift; path = MealsView.swift; sourceTree = "<group>"; };
		80C12097272E502E006D125D /* ProfileView.swift */ = {isa = PBXFileReference; lastKnownFileType = sourcecode.swift; path = ProfileView.swift; sourceTree = "<group>"; };
		80C1209A272E5066006D125D /* CreateMealButton.swift */ = {isa = PBXFileReference; lastKnownFileType = sourcecode.swift; path = CreateMealButton.swift; sourceTree = "<group>"; };
		80C1209C272E5080006D125D /* InviteSheet.swift */ = {isa = PBXFileReference; lastKnownFileType = sourcecode.swift; path = InviteSheet.swift; sourceTree = "<group>"; };
		80C1209F272E511D006D125D /* MainAppView.swift */ = {isa = PBXFileReference; lastKnownFileType = sourcecode.swift; path = MainAppView.swift; sourceTree = "<group>"; };
		80C120A2272E55EE006D125D /* mealqButtonStyle.swift */ = {isa = PBXFileReference; lastKnownFileType = sourcecode.swift; path = mealqButtonStyle.swift; sourceTree = "<group>"; };
		80C120A4272F4B7A006D125D /* Fonts */ = {isa = PBXFileReference; lastKnownFileType = folder; path = Fonts; sourceTree = "<group>"; };
		80C120AB272F851B006D125D /* ProfilePicView.swift */ = {isa = PBXFileReference; lastKnownFileType = sourcecode.swift; path = ProfilePicView.swift; sourceTree = "<group>"; };
		80C120B0272F8C54006D125D /* MakeColors.swift */ = {isa = PBXFileReference; lastKnownFileType = sourcecode.swift; path = MakeColors.swift; sourceTree = "<group>"; };
		80C120B2272F93CD006D125D /* test.swift */ = {isa = PBXFileReference; lastKnownFileType = sourcecode.swift; path = test.swift; sourceTree = "<group>"; };
		80C120B4272F984C006D125D /* ProfilePicStyles.swift */ = {isa = PBXFileReference; lastKnownFileType = sourcecode.swift; path = ProfilePicStyles.swift; sourceTree = "<group>"; };
		80C120B6272F98B8006D125D /* ResizeFont.swift */ = {isa = PBXFileReference; lastKnownFileType = sourcecode.swift; path = ResizeFont.swift; sourceTree = "<group>"; };
		80E72157278CA76700FBB6E3 /* MealTimeStamp.swift */ = {isa = PBXFileReference; lastKnownFileType = sourcecode.swift; path = MealTimeStamp.swift; sourceTree = "<group>"; };
		80E7215A278CADEC00FBB6E3 /* RowProfilePicView.swift */ = {isa = PBXFileReference; lastKnownFileType = sourcecode.swift; path = RowProfilePicView.swift; sourceTree = "<group>"; };
		80E7215C278E374C00FBB6E3 /* DebugView.swift */ = {isa = PBXFileReference; lastKnownFileType = sourcecode.swift; path = DebugView.swift; sourceTree = "<group>"; };
		80E72160278F472600FBB6E3 /* CustomNavigationLink.swift */ = {isa = PBXFileReference; lastKnownFileType = sourcecode.swift; path = CustomNavigationLink.swift; sourceTree = "<group>"; };
		80E72162278F707B00FBB6E3 /* CalendarBadge.swift */ = {isa = PBXFileReference; lastKnownFileType = sourcecode.swift; path = CalendarBadge.swift; sourceTree = "<group>"; };
		80E72164278FA30100FBB6E3 /* DateUtils.swift */ = {isa = PBXFileReference; lastKnownFileType = sourcecode.swift; path = DateUtils.swift; sourceTree = "<group>"; };
		80E721682792185B00FBB6E3 /* ViewManager.swift */ = {isa = PBXFileReference; lastKnownFileType = sourcecode.swift; path = ViewManager.swift; sourceTree = "<group>"; };
		80E9388C279A137D00B06ED2 /* NotificationItem.swift */ = {isa = PBXFileReference; lastKnownFileType = sourcecode.swift; path = NotificationItem.swift; sourceTree = "<group>"; };
		80E9388E27A04E3B00B06ED2 /* ActivitiesManager.swift */ = {isa = PBXFileReference; lastKnownFileType = sourcecode.swift; path = ActivitiesManager.swift; sourceTree = "<group>"; };
		80E9389127A42D8E00B06ED2 /* ActivitiesZone.swift */ = {isa = PBXFileReference; lastKnownFileType = sourcecode.swift; path = ActivitiesZone.swift; sourceTree = "<group>"; };
		80E9389327A42F2C00B06ED2 /* SingleActivityCard.swift */ = {isa = PBXFileReference; lastKnownFileType = sourcecode.swift; path = SingleActivityCard.swift; sourceTree = "<group>"; };
		80E9389527A44AB100B06ED2 /* envelope.json */ = {isa = PBXFileReference; fileEncoding = 4; lastKnownFileType = text.json; path = envelope.json; sourceTree = "<group>"; };
		80EFC3722731DE8A005520D3 /* FriendsManager.swift */ = {isa = PBXFileReference; lastKnownFileType = sourcecode.swift; path = FriendsManager.swift; sourceTree = "<group>"; };
		80EFC3742732EE38005520D3 /* GestureActions.swift */ = {isa = PBXFileReference; lastKnownFileType = sourcecode.swift; path = GestureActions.swift; sourceTree = "<group>"; };
		80EFC3782732EF5F005520D3 /* SocialView.swift */ = {isa = PBXFileReference; fileEncoding = 4; lastKnownFileType = sourcecode.swift; path = SocialView.swift; sourceTree = "<group>"; };
		80EFC37A2732EF78005520D3 /* SearchBarComponents.swift */ = {isa = PBXFileReference; lastKnownFileType = sourcecode.swift; path = SearchBarComponents.swift; sourceTree = "<group>"; };
		80EFC37C27330921005520D3 /* CustomSearchBar.swift */ = {isa = PBXFileReference; lastKnownFileType = sourcecode.swift; path = CustomSearchBar.swift; sourceTree = "<group>"; };
		80EFC37E27330A19005520D3 /* QueryScreen.swift */ = {isa = PBXFileReference; lastKnownFileType = sourcecode.swift; path = QueryScreen.swift; sourceTree = "<group>"; };
		80EFC38327331781005520D3 /* SectionHeader.swift */ = {isa = PBXFileReference; lastKnownFileType = sourcecode.swift; path = SectionHeader.swift; sourceTree = "<group>"; };
		80EFC38527333D46005520D3 /* SectionView.swift */ = {isa = PBXFileReference; lastKnownFileType = sourcecode.swift; path = SectionView.swift; sourceTree = "<group>"; };
		80EFC38727334D35005520D3 /* NoMatchView.swift */ = {isa = PBXFileReference; lastKnownFileType = sourcecode.swift; path = NoMatchView.swift; sourceTree = "<group>"; };
		80EFC38927336984005520D3 /* ReferralView.swift */ = {isa = PBXFileReference; lastKnownFileType = sourcecode.swift; path = ReferralView.swift; sourceTree = "<group>"; };
		80EFC38B27345423005520D3 /* UserProfileView.swift */ = {isa = PBXFileReference; lastKnownFileType = sourcecode.swift; path = UserProfileView.swift; sourceTree = "<group>"; };
		80EFC38E273496FA005520D3 /* ConnectButton.swift */ = {isa = PBXFileReference; lastKnownFileType = sourcecode.swift; path = ConnectButton.swift; sourceTree = "<group>"; };
		80F41FF62776C18F0080C67D /* General.swift */ = {isa = PBXFileReference; lastKnownFileType = sourcecode.swift; path = General.swift; sourceTree = "<group>"; };
		80F41FF82780C9300080C67D /* MealDetailView.swift */ = {isa = PBXFileReference; lastKnownFileType = sourcecode.swift; path = MealDetailView.swift; sourceTree = "<group>"; };
		80F41FFB2780D4900080C67D /* MealControlButtons.swift */ = {isa = PBXFileReference; lastKnownFileType = sourcecode.swift; path = MealControlButtons.swift; sourceTree = "<group>"; };
		80F41FFD2780FFF40080C67D /* UserMealStatus.swift */ = {isa = PBXFileReference; lastKnownFileType = sourcecode.swift; path = UserMealStatus.swift; sourceTree = "<group>"; };
		80F41FFF278386090080C67D /* MessageModel.swift */ = {isa = PBXFileReference; lastKnownFileType = sourcecode.swift; path = MessageModel.swift; sourceTree = "<group>"; };
		80F5064827AD7F5200FDD900 /* SearchAndSelectFriends.swift */ = {isa = PBXFileReference; lastKnownFileType = sourcecode.swift; path = SearchAndSelectFriends.swift; sourceTree = "<group>"; };
/* End PBXFileReference section */

/* Begin PBXFrameworksBuildPhase section */
		802BC30E273DC926004F1505 /* Frameworks */ = {
			isa = PBXFrameworksBuildPhase;
			buildActionMask = 2147483647;
			files = (
				802BC31E273DC92F004F1505 /* FirebaseMessaging in Frameworks */,
			);
			runOnlyForDeploymentPostprocessing = 0;
		};
		80C12060272E02CB006D125D /* Frameworks */ = {
			isa = PBXFrameworksBuildPhase;
			buildActionMask = 2147483647;
			files = (
				80C1207E272E0341006D125D /* FirebaseMessaging in Frameworks */,
				80C12084272E06A1006D125D /* FacebookCore in Frameworks */,
				80C120AF272F86C9006D125D /* ActivityIndicatorView in Frameworks */,
				80A8B71127A5E629002A5C58 /* GoogleSignIn in Frameworks */,
				80E721672790AA4A00FBB6E3 /* FirebaseFunctions in Frameworks */,
				80C1207A272E0341006D125D /* FirebaseAuth in Frameworks */,
				80C12080272E0341006D125D /* FirebaseStorage in Frameworks */,
				80C12086272E06A1006D125D /* FacebookLogin in Frameworks */,
				802E5609275C592900464CA6 /* Lottie in Frameworks */,
				802BC32E27435472004F1505 /* FirebaseAppCheck in Frameworks */,
				802BC3362745AA6E004F1505 /* Introspect in Frameworks */,
				80C1207C272E0341006D125D /* FirebaseFirestore in Frameworks */,
				802BC33027435561004F1505 /* FirebaseAnalytics in Frameworks */,
			);
			runOnlyForDeploymentPostprocessing = 0;
		};
/* End PBXFrameworksBuildPhase section */

/* Begin PBXGroup section */
		8023FDB32784C6DE003E728E /* Meal Chat Row */ = {
			isa = PBXGroup;
			children = (
				8023FDB42784C6F4003E728E /* MealChatRow.swift */,
				80E7215A278CADEC00FBB6E3 /* RowProfilePicView.swift */,
				80E72157278CA76700FBB6E3 /* MealTimeStamp.swift */,
				80E72162278F707B00FBB6E3 /* CalendarBadge.swift */,
			);
			path = "Meal Chat Row";
			sourceTree = "<group>";
		};
		8023FDB82784CA09003E728E /* Message View */ = {
			isa = PBXGroup;
			children = (
				8023FDB62784CA05003E728E /* MessageView.swift */,
				8023FDB92784D0FA003E728E /* ChatRow.swift */,
				8023FDBD2784E915003E728E /* ChatBubble.swift */,
				8023FDC7278685CC003E728E /* TextEditorBubble.swift */,
				8023FDD12787AC98003E728E /* ToBottomMessageButton.swift */,
				8023FDD32787D3E5003E728E /* ChatTimeStamp.swift */,
			);
			path = "Message View";
			sourceTree = "<group>";
		};
		802BC312273DC926004F1505 /* notifications for mealq */ = {
			isa = PBXGroup;
			children = (
				802BC313273DC926004F1505 /* NotificationService.swift */,
				802BC315273DC926004F1505 /* Info.plist */,
			);
			path = "notifications for mealq";
			sourceTree = "<group>";
		};
		802BC31C273DC92F004F1505 /* Frameworks */ = {
			isa = PBXGroup;
			children = (
			);
			name = Frameworks;
			sourceTree = "<group>";
		};
		802BC32727404FCA004F1505 /* NavBar Components */ = {
			isa = PBXGroup;
			children = (
				802BC32327404D87004F1505 /* AlertButton.swift */,
				802BC32527404E47004F1505 /* SearchButton.swift */,
			);
			path = "NavBar Components";
			sourceTree = "<group>";
		};
		802BC32A27406392004F1505 /* Noti Tab */ = {
			isa = PBXGroup;
			children = (
				80F41FFA2780D4730080C67D /* Meal Details */,
				802BC32B274063A3004F1505 /* NotificationView.swift */,
				802BC321273F7394004F1505 /* SingleNotificationView.swift */,
				807631A727B8C41F00A91E94 /* MealDetailNotiView.swift */,
			);
			path = "Noti Tab";
			sourceTree = "<group>";
		};
		802BC3312743FAB9004F1505 /* Splash Screen */ = {
			isa = PBXGroup;
			children = (
				802BC3322743FAC9004F1505 /* SplashScreen.swift */,
			);
			path = "Splash Screen";
			sourceTree = "<group>";
		};
		802E560E275C5F3D00464CA6 /* LottieAnimations */ = {
			isa = PBXGroup;
			children = (
				80A8B71227A9BCE0002A5C58 /* wagmi-loading.json */,
				801257782763D1DF00DE1160 /* colorfulCheckmark.json */,
				802E560A275C5A3000464CA6 /* bearLoader.json */,
				8012577C276409CF00DE1160 /* rainbowLoader.json */,
				80E9389527A44AB100B06ED2 /* envelope.json */,
				808257A827A5B5EA0020B9FE /* star.json */,
				8023FDC127852F5E003E728E /* astronaut.json */,
				8023FDC327853E08003E728E /* iceRocket.json */,
				802E56162763CA0E00464CA6 /* error.json */,
			);
			path = LottieAnimations;
			sourceTree = "<group>";
		};
		802E560F275D36F900464CA6 /* Date Selection */ = {
			isa = PBXGroup;
			children = (
				802E5610275D371200464CA6 /* DateSelection.swift */,
			);
			path = "Date Selection";
			sourceTree = "<group>";
		};
		806B30C3273DC75E003FF495 /* Products */ = {
			isa = PBXGroup;
			children = (
				802BC30C273DC8BB004F1505 /* mealq.app */,
				802BC311273DC926004F1505 /* notifications for mealq.appex */,
			);
			path = Products;
			sourceTree = "<group>";
		};
		80A48CE52746C62600063B57 /* Fake Search Bar */ = {
			isa = PBXGroup;
			children = (
				80A48CE32746C61000063B57 /* FakeSearchBar.swift */,
			);
			path = "Fake Search Bar";
			sourceTree = "<group>";
		};
		80A48CE82746CE0700063B57 /* Friends Selection */ = {
			isa = PBXGroup;
			children = (
				80A48CE92746DCC500063B57 /* SingleFriendPane.swift */,
				80A48CEB274716E600063B57 /* FriendSelection.swift */,
			);
			path = "Friends Selection";
			sourceTree = "<group>";
		};
		80C1205A272E02CB006D125D = {
			isa = PBXGroup;
			children = (
				80C12065272E02CB006D125D /* mealq */,
				802BC312273DC926004F1505 /* notifications for mealq */,
				806B30C3273DC75E003FF495 /* Products */,
				802BC31C273DC92F004F1505 /* Frameworks */,
			);
			sourceTree = "<group>";
		};
		80C12065272E02CB006D125D /* mealq */ = {
			isa = PBXGroup;
			children = (
				80964EAB2738AB4900F54B6D /* mealq.entitlements */,
				80C1208D272E482E006D125D /* ViewModels */,
				80C1208A272E471A006D125D /* Models */,
				802E560E275C5F3D00464CA6 /* LottieAnimations */,
				80C120A1272E55BF006D125D /* Utils */,
				80C12089272E08FB006D125D /* Views */,
				80C12066272E02CB006D125D /* mealqApp.swift */,
				80964EAC2739ABEA00F54B6D /* AppDelegate.swift */,
				80C1206A272E02CC006D125D /* Assets.xcassets */,
				80C120A4272F4B7A006D125D /* Fonts */,
				80C12081272E039E006D125D /* Info.plist */,
				80C12074272E031B006D125D /* GoogleService-Info.plist */,
				80C1206C272E02CC006D125D /* Preview Content */,
			);
			path = mealq;
			sourceTree = "<group>";
		};
		80C1206C272E02CC006D125D /* Preview Content */ = {
			isa = PBXGroup;
			children = (
				80C1206D272E02CC006D125D /* Preview Assets.xcassets */,
			);
			path = "Preview Content";
			sourceTree = "<group>";
		};
		80C12089272E08FB006D125D /* Views */ = {
			isa = PBXGroup;
			children = (
				80E9389027A05D9800B06ED2 /* NavBar */,
				802BC3312743FAB9004F1505 /* Splash Screen */,
				80EFC38D27349678005520D3 /* User Profile */,
				80C12099272E504B006D125D /* Invite Components */,
				80C12092272E4FFA006D125D /* Tabs */,
				80C12068272E02CB006D125D /* ContentView.swift */,
				80C12090272E4F62006D125D /* UserLoginView.swift */,
				80C1209F272E511D006D125D /* MainAppView.swift */,
				80EFC38927336984005520D3 /* ReferralView.swift */,
			);
			path = Views;
			sourceTree = "<group>";
		};
		80C1208A272E471A006D125D /* Models */ = {
			isa = PBXGroup;
			children = (
				80C1208B272E472C006D125D /* UserModel.swift */,
				8012577E27755E6400DE1160 /* MealModel.swift */,
				80F41FFF278386090080C67D /* MessageModel.swift */,
				80E9388C279A137D00B06ED2 /* NotificationItem.swift */,
			);
			path = Models;
			sourceTree = "<group>";
		};
		80C1208D272E482E006D125D /* ViewModels */ = {
			isa = PBXGroup;
			children = (
				80C1208E272E4841006D125D /* SessionViewModel.swift */,
				80EFC3722731DE8A005520D3 /* FriendsManager.swift */,
				805F28FB274DA449002DEA8D /* BigUserPicMotionObserver.swift */,
				802E5612275FA74300464CA6 /* MealsManager.swift */,
				8023FDB1278387F4003E728E /* MessagesManager.swift */,
				8023FDBB2784D908003E728E /* MealVariables.swift */,
				8023FDCB278692D9003E728E /* Observer.swift */,
				80E721682792185B00FBB6E3 /* ViewManager.swift */,
				80E9388E27A04E3B00B06ED2 /* ActivitiesManager.swift */,
				807631A527B89EC900A91E94 /* DatePickerViewModel.swift */,
			);
			path = ViewModels;
			sourceTree = "<group>";
		};
		80C12092272E4FFA006D125D /* Tabs */ = {
			isa = PBXGroup;
			children = (
				802BC32A27406392004F1505 /* Noti Tab */,
				80C120A8272F838B006D125D /* Social Tab */,
				80C120A9272F8391006D125D /* Meals Tab */,
				80C120AA272F8397006D125D /* Profile Tab */,
			);
			path = Tabs;
			sourceTree = "<group>";
		};
		80C12099272E504B006D125D /* Invite Components */ = {
			isa = PBXGroup;
			children = (
				802E560F275D36F900464CA6 /* Date Selection */,
				80A48CE82746CE0700063B57 /* Friends Selection */,
				80A48CE52746C62600063B57 /* Fake Search Bar */,
				80C1209A272E5066006D125D /* CreateMealButton.swift */,
				80C1209C272E5080006D125D /* InviteSheet.swift */,
				80F5064827AD7F5200FDD900 /* SearchAndSelectFriends.swift */,
			);
			path = "Invite Components";
			sourceTree = "<group>";
		};
		80C120A1272E55BF006D125D /* Utils */ = {
			isa = PBXGroup;
			children = (
				80F41FFD2780FFF40080C67D /* UserMealStatus.swift */,
				802E560C275C5CF200464CA6 /* LottieView.swift */,
				80C120A2272E55EE006D125D /* mealqButtonStyle.swift */,
				8023FDCD27875105003E728E /* DynamicHeightTextField.swift */,
				80C120B0272F8C54006D125D /* MakeColors.swift */,
				80C120B6272F98B8006D125D /* ResizeFont.swift */,
				80EFC3742732EE38005520D3 /* GestureActions.swift */,
				802BC31F273F6F74004F1505 /* Constants.swift */,
				8079DEEE2745F4C8001420CE /* Haptics.swift */,
				80F41FF62776C18F0080C67D /* General.swift */,
				8023FDC927868728003E728E /* FieldView.swift */,
				80E72160278F472600FBB6E3 /* CustomNavigationLink.swift */,
				80E72164278FA30100FBB6E3 /* DateUtils.swift */,
			);
			path = Utils;
			sourceTree = "<group>";
		};
		80C120A8272F838B006D125D /* Social Tab */ = {
			isa = PBXGroup;
			children = (
				80EFC3782732EF5F005520D3 /* SocialView.swift */,
				80E9389127A42D8E00B06ED2 /* ActivitiesZone.swift */,
				80E9389327A42F2C00B06ED2 /* SingleActivityCard.swift */,
				808257A627A476CB0020B9FE /* PlaceholderCard.swift */,
			);
			path = "Social Tab";
			sourceTree = "<group>";
		};
		80C120A9272F8391006D125D /* Meals Tab */ = {
			isa = PBXGroup;
			children = (
				8023FDB82784CA09003E728E /* Message View */,
				8023FDB32784C6DE003E728E /* Meal Chat Row */,
				80C12095272E5024006D125D /* MealsView.swift */,
				80E7215C278E374C00FBB6E3 /* DebugView.swift */,
			);
			path = "Meals Tab";
			sourceTree = "<group>";
		};
		80C120AA272F8397006D125D /* Profile Tab */ = {
			isa = PBXGroup;
			children = (
				80C12097272E502E006D125D /* ProfileView.swift */,
				80C120B2272F93CD006D125D /* test.swift */,
			);
			path = "Profile Tab";
			sourceTree = "<group>";
		};
		80E9389027A05D9800B06ED2 /* NavBar */ = {
			isa = PBXGroup;
			children = (
				802BC32827405083004F1505 /* SearchScreen.swift */,
				802BC32727404FCA004F1505 /* NavBar Components */,
				80EFC381273316A5005520D3 /* Search Bar */,
				80EFC3802733167F005520D3 /* Query Screen */,
			);
			path = NavBar;
			sourceTree = "<group>";
		};
		80EFC3802733167F005520D3 /* Query Screen */ = {
			isa = PBXGroup;
			children = (
				80EFC37E27330A19005520D3 /* QueryScreen.swift */,
				80EFC38327331781005520D3 /* SectionHeader.swift */,
				80EFC38527333D46005520D3 /* SectionView.swift */,
				80EFC38727334D35005520D3 /* NoMatchView.swift */,
			);
			path = "Query Screen";
			sourceTree = "<group>";
		};
		80EFC381273316A5005520D3 /* Search Bar */ = {
			isa = PBXGroup;
			children = (
				80EFC37A2732EF78005520D3 /* SearchBarComponents.swift */,
				80EFC37C27330921005520D3 /* CustomSearchBar.swift */,
			);
			path = "Search Bar";
			sourceTree = "<group>";
		};
		80EFC38D27349678005520D3 /* User Profile */ = {
			isa = PBXGroup;
			children = (
				80C120AB272F851B006D125D /* ProfilePicView.swift */,
				80C120B4272F984C006D125D /* ProfilePicStyles.swift */,
				80EFC38B27345423005520D3 /* UserProfileView.swift */,
				80EFC38E273496FA005520D3 /* ConnectButton.swift */,
				80A48D09274D983A00063B57 /* BigUserPicView.swift */,
				8076319F27B1A22B00A91E94 /* UserFriends.swift */,
			);
			path = "User Profile";
			sourceTree = "<group>";
		};
		80F41FFA2780D4730080C67D /* Meal Details */ = {
			isa = PBXGroup;
			children = (
				80F41FF82780C9300080C67D /* MealDetailView.swift */,
				80F41FFB2780D4900080C67D /* MealControlButtons.swift */,
				807631A127B8516600A91E94 /* SetDetailedDate.swift */,
				807631A327B89E0C00A91E94 /* MealDatePicker.swift */,
			);
			path = "Meal Details";
			sourceTree = "<group>";
		};
/* End PBXGroup section */

/* Begin PBXNativeTarget section */
		802BC310273DC926004F1505 /* notifications for mealq */ = {
			isa = PBXNativeTarget;
			buildConfigurationList = 802BC31B273DC926004F1505 /* Build configuration list for PBXNativeTarget "notifications for mealq" */;
			buildPhases = (
				802BC30D273DC926004F1505 /* Sources */,
				802BC30E273DC926004F1505 /* Frameworks */,
				802BC30F273DC926004F1505 /* Resources */,
			);
			buildRules = (
			);
			dependencies = (
			);
			name = "notifications for mealq";
			packageProductDependencies = (
				802BC31D273DC92F004F1505 /* FirebaseMessaging */,
			);
			productName = "notifications for mealq";
			productReference = 802BC311273DC926004F1505 /* notifications for mealq.appex */;
			productType = "com.apple.product-type.app-extension";
		};
		80C12062272E02CB006D125D /* mealq */ = {
			isa = PBXNativeTarget;
			buildConfigurationList = 80C12071272E02CC006D125D /* Build configuration list for PBXNativeTarget "mealq" */;
			buildPhases = (
				80C1205F272E02CB006D125D /* Sources */,
				80C12060272E02CB006D125D /* Frameworks */,
				80C12061272E02CB006D125D /* Resources */,
				80964EC0273DA7E900F54B6D /* Embed App Extensions */,
			);
			buildRules = (
			);
			dependencies = (
				802BC317273DC926004F1505 /* PBXTargetDependency */,
			);
			name = mealq;
			packageProductDependencies = (
				80C12079272E0341006D125D /* FirebaseAuth */,
				80C1207B272E0341006D125D /* FirebaseFirestore */,
				80C1207D272E0341006D125D /* FirebaseMessaging */,
				80C1207F272E0341006D125D /* FirebaseStorage */,
				80C12083272E06A1006D125D /* FacebookCore */,
				80C12085272E06A1006D125D /* FacebookLogin */,
				80C120AE272F86C9006D125D /* ActivityIndicatorView */,
				802BC32D27435472004F1505 /* FirebaseAppCheck */,
				802BC32F27435561004F1505 /* FirebaseAnalytics */,
				802BC3352745AA6E004F1505 /* Introspect */,
				802E5608275C592900464CA6 /* Lottie */,
				80E721662790AA4A00FBB6E3 /* FirebaseFunctions */,
				80A8B71027A5E629002A5C58 /* GoogleSignIn */,
			);
			productName = mealq;
			productReference = 802BC30C273DC8BB004F1505 /* mealq.app */;
			productType = "com.apple.product-type.application";
		};
/* End PBXNativeTarget section */

/* Begin PBXProject section */
		80C1205B272E02CB006D125D /* Project object */ = {
			isa = PBXProject;
			attributes = {
				BuildIndependentTargetsInParallel = 1;
				LastSwiftUpdateCheck = 1310;
				LastUpgradeCheck = 1310;
				TargetAttributes = {
					802BC310273DC926004F1505 = {
						CreatedOnToolsVersion = 13.1;
					};
					80C12062272E02CB006D125D = {
						CreatedOnToolsVersion = 13.1;
					};
				};
			};
			buildConfigurationList = 80C1205E272E02CB006D125D /* Build configuration list for PBXProject "mealq" */;
			compatibilityVersion = "Xcode 13.0";
			developmentRegion = en;
			hasScannedForEncodings = 0;
			knownRegions = (
				en,
				Base,
			);
			mainGroup = 80C1205A272E02CB006D125D;
			packageReferences = (
				80C12076272E0341006D125D /* XCRemoteSwiftPackageReference "firebase-ios-sdk" */,
				80C12082272E06A1006D125D /* XCRemoteSwiftPackageReference "facebook-ios-sdk" */,
				80C120AD272F86C9006D125D /* XCRemoteSwiftPackageReference "ActivityIndicatorView" */,
				802BC3342745AA6D004F1505 /* XCRemoteSwiftPackageReference "SwiftUI-Introspect" */,
				802E5607275C592900464CA6 /* XCRemoteSwiftPackageReference "lottie-ios" */,
				80A8B70F27A5E629002A5C58 /* XCRemoteSwiftPackageReference "GoogleSignIn-iOS" */,
			);
			productRefGroup = 806B30C3273DC75E003FF495 /* Products */;
			projectDirPath = "";
			projectRoot = "";
			targets = (
				80C12062272E02CB006D125D /* mealq */,
				802BC310273DC926004F1505 /* notifications for mealq */,
			);
		};
/* End PBXProject section */

/* Begin PBXResourcesBuildPhase section */
		802BC30F273DC926004F1505 /* Resources */ = {
			isa = PBXResourcesBuildPhase;
			buildActionMask = 2147483647;
			files = (
			);
			runOnlyForDeploymentPostprocessing = 0;
		};
		80C12061272E02CB006D125D /* Resources */ = {
			isa = PBXResourcesBuildPhase;
			buildActionMask = 2147483647;
			files = (
				80C120A5272F4B7A006D125D /* Fonts in Resources */,
				802E56172763CA0E00464CA6 /* error.json in Resources */,
				802E560B275C5A3000464CA6 /* bearLoader.json in Resources */,
				80E9389627A44AB200B06ED2 /* envelope.json in Resources */,
				8012577D276409CF00DE1160 /* rainbowLoader.json in Resources */,
				80A8B71327A9BCE1002A5C58 /* wagmi-loading.json in Resources */,
				8023FDC227852F5E003E728E /* astronaut.json in Resources */,
				8023FDC427853E08003E728E /* iceRocket.json in Resources */,
				808257A927A5B5EA0020B9FE /* star.json in Resources */,
				80C1206E272E02CC006D125D /* Preview Assets.xcassets in Resources */,
				801257792763D1DF00DE1160 /* colorfulCheckmark.json in Resources */,
				80C1206B272E02CC006D125D /* Assets.xcassets in Resources */,
				80C12075272E031C006D125D /* GoogleService-Info.plist in Resources */,
			);
			runOnlyForDeploymentPostprocessing = 0;
		};
/* End PBXResourcesBuildPhase section */

/* Begin PBXSourcesBuildPhase section */
		802BC30D273DC926004F1505 /* Sources */ = {
			isa = PBXSourcesBuildPhase;
			buildActionMask = 2147483647;
			files = (
				802BC314273DC926004F1505 /* NotificationService.swift in Sources */,
			);
			runOnlyForDeploymentPostprocessing = 0;
		};
		80C1205F272E02CB006D125D /* Sources */ = {
			isa = PBXSourcesBuildPhase;
			buildActionMask = 2147483647;
			files = (
				802E5613275FA74300464CA6 /* MealsManager.swift in Sources */,
				80E72158278CA76700FBB6E3 /* MealTimeStamp.swift in Sources */,
				8023FDCC278692D9003E728E /* Observer.swift in Sources */,
				8023FDC8278685CC003E728E /* TextEditorBubble.swift in Sources */,
				807631A427B89E0D00A91E94 /* MealDatePicker.swift in Sources */,
				802BC3332743FAC9004F1505 /* SplashScreen.swift in Sources */,
				802BC32427404D87004F1505 /* AlertButton.swift in Sources */,
				802E560D275C5CF200464CA6 /* LottieView.swift in Sources */,
				80C120A3272E55EE006D125D /* mealqButtonStyle.swift in Sources */,
				80E72161278F472600FBB6E3 /* CustomNavigationLink.swift in Sources */,
				80EFC38C27345423005520D3 /* UserProfileView.swift in Sources */,
				805F28FC274DA449002DEA8D /* BigUserPicMotionObserver.swift in Sources */,
				807631A627B89EC900A91E94 /* DatePickerViewModel.swift in Sources */,
				8023FDCE27875106003E728E /* DynamicHeightTextField.swift in Sources */,
				80E721692792185C00FBB6E3 /* ViewManager.swift in Sources */,
				8023FDD42787D3E5003E728E /* ChatTimeStamp.swift in Sources */,
				80E7215B278CADEC00FBB6E3 /* RowProfilePicView.swift in Sources */,
				802BC322273F7394004F1505 /* SingleNotificationView.swift in Sources */,
				80C120B1272F8C54006D125D /* MakeColors.swift in Sources */,
				80A48CEC274716E600063B57 /* FriendSelection.swift in Sources */,
				80F420002783860A0080C67D /* MessageModel.swift in Sources */,
				802BC32C274063A3004F1505 /* NotificationView.swift in Sources */,
				80C120B5272F984D006D125D /* ProfilePicStyles.swift in Sources */,
				80E9388F27A04E3B00B06ED2 /* ActivitiesManager.swift in Sources */,
				80F41FF92780C9300080C67D /* MealDetailView.swift in Sources */,
				80F41FFC2780D4900080C67D /* MealControlButtons.swift in Sources */,
				80964EAD2739ABEA00F54B6D /* AppDelegate.swift in Sources */,
				802BC320273F6F74004F1505 /* Constants.swift in Sources */,
				80EFC3732731DE8B005520D3 /* FriendsManager.swift in Sources */,
				80F5064927AD7F5200FDD900 /* SearchAndSelectFriends.swift in Sources */,
				80C1208F272E4841006D125D /* SessionViewModel.swift in Sources */,
				807631A027B1A22B00A91E94 /* UserFriends.swift in Sources */,
				8023FDBC2784D908003E728E /* MealVariables.swift in Sources */,
				80C120A0272E511D006D125D /* MainAppView.swift in Sources */,
				80E9389227A42D8E00B06ED2 /* ActivitiesZone.swift in Sources */,
				80EFC37B2732EF78005520D3 /* SearchBarComponents.swift in Sources */,
				80C120B7272F98B8006D125D /* ResizeFont.swift in Sources */,
				80C12098272E502E006D125D /* ProfileView.swift in Sources */,
				80EFC37F27330A19005520D3 /* QueryScreen.swift in Sources */,
				8023FDB52784C6F4003E728E /* MealChatRow.swift in Sources */,
				80C12069272E02CB006D125D /* ContentView.swift in Sources */,
				80EFC38A27336984005520D3 /* ReferralView.swift in Sources */,
				80E9389427A42F2C00B06ED2 /* SingleActivityCard.swift in Sources */,
				8023FDBE2784E915003E728E /* ChatBubble.swift in Sources */,
				80EFC38627333D46005520D3 /* SectionView.swift in Sources */,
				808257A727A476CB0020B9FE /* PlaceholderCard.swift in Sources */,
				80A48CE42746C61000063B57 /* FakeSearchBar.swift in Sources */,
				80A48CEA2746DCC500063B57 /* SingleFriendPane.swift in Sources */,
				80C12067272E02CB006D125D /* mealqApp.swift in Sources */,
				80F41FFE2780FFF40080C67D /* UserMealStatus.swift in Sources */,
				802E5611275D371200464CA6 /* DateSelection.swift in Sources */,
				8023FDBA2784D0FA003E728E /* ChatRow.swift in Sources */,
				80C1209B272E5066006D125D /* CreateMealButton.swift in Sources */,
				807631A827B8C41F00A91E94 /* MealDetailNotiView.swift in Sources */,
				8023FDCA27868728003E728E /* FieldView.swift in Sources */,
				8079DEEF2745F4C8001420CE /* Haptics.swift in Sources */,
				80EFC38F273496FA005520D3 /* ConnectButton.swift in Sources */,
				80E9388D279A137D00B06ED2 /* NotificationItem.swift in Sources */,
				8023FDB2278387F4003E728E /* MessagesManager.swift in Sources */,
				80C12091272E4F62006D125D /* UserLoginView.swift in Sources */,
				80E72165278FA30100FBB6E3 /* DateUtils.swift in Sources */,
				80C1208C272E472C006D125D /* UserModel.swift in Sources */,
				80C1209D272E5080006D125D /* InviteSheet.swift in Sources */,
				8012577F27755E6400DE1160 /* MealModel.swift in Sources */,
				80C120AC272F851B006D125D /* ProfilePicView.swift in Sources */,
				807631A227B8516600A91E94 /* SetDetailedDate.swift in Sources */,
				802BC32927405083004F1505 /* SearchScreen.swift in Sources */,
				80C120B3272F93CE006D125D /* test.swift in Sources */,
				80E7215D278E374C00FBB6E3 /* DebugView.swift in Sources */,
				80EFC38827334D35005520D3 /* NoMatchView.swift in Sources */,
				80C12096272E5024006D125D /* MealsView.swift in Sources */,
				80EFC38427331781005520D3 /* SectionHeader.swift in Sources */,
				80E72163278F707B00FBB6E3 /* CalendarBadge.swift in Sources */,
				802BC32627404E47004F1505 /* SearchButton.swift in Sources */,
				8023FDD22787AC98003E728E /* ToBottomMessageButton.swift in Sources */,
				8023FDB72784CA05003E728E /* MessageView.swift in Sources */,
				80EFC3752732EE38005520D3 /* GestureActions.swift in Sources */,
				80A48D0A274D983A00063B57 /* BigUserPicView.swift in Sources */,
				80F41FF72776C18F0080C67D /* General.swift in Sources */,
				80EFC37D27330921005520D3 /* CustomSearchBar.swift in Sources */,
				80EFC3792732EF5F005520D3 /* SocialView.swift in Sources */,
			);
			runOnlyForDeploymentPostprocessing = 0;
		};
/* End PBXSourcesBuildPhase section */

/* Begin PBXTargetDependency section */
		802BC317273DC926004F1505 /* PBXTargetDependency */ = {
			isa = PBXTargetDependency;
			target = 802BC310273DC926004F1505 /* notifications for mealq */;
			targetProxy = 802BC316273DC926004F1505 /* PBXContainerItemProxy */;
		};
/* End PBXTargetDependency section */

/* Begin XCBuildConfiguration section */
		802BC319273DC926004F1505 /* Debug */ = {
			isa = XCBuildConfiguration;
			buildSettings = {
				CODE_SIGN_IDENTITY = "Apple Development";
				CODE_SIGN_STYLE = Automatic;
				CURRENT_PROJECT_VERSION = 9;
				DEVELOPMENT_TEAM = AZ5YZ6A37J;
				GENERATE_INFOPLIST_FILE = YES;
				INFOPLIST_FILE = "notifications for mealq/Info.plist";
				INFOPLIST_KEY_CFBundleDisplayName = "notifications for mealq";
				INFOPLIST_KEY_NSHumanReadableCopyright = "";
				LD_RUNPATH_SEARCH_PATHS = (
					"$(inherited)",
					"@executable_path/Frameworks",
					"@executable_path/../../Frameworks",
				);
				MARKETING_VERSION = 1.1;
				PRODUCT_BUNDLE_IDENTIFIER = "li.xipu.mealq.notifications-for-mealq";
				PRODUCT_NAME = "$(TARGET_NAME)";
				SKIP_INSTALL = YES;
				SWIFT_EMIT_LOC_STRINGS = YES;
				SWIFT_VERSION = 5.0;
				TARGETED_DEVICE_FAMILY = 1;
			};
			name = Debug;
		};
		802BC31A273DC926004F1505 /* Release */ = {
			isa = XCBuildConfiguration;
			buildSettings = {
				CODE_SIGN_IDENTITY = "Apple Development";
				CODE_SIGN_STYLE = Automatic;
				CURRENT_PROJECT_VERSION = 9;
				DEVELOPMENT_TEAM = AZ5YZ6A37J;
				GENERATE_INFOPLIST_FILE = YES;
				INFOPLIST_FILE = "notifications for mealq/Info.plist";
				INFOPLIST_KEY_CFBundleDisplayName = "notifications for mealq";
				INFOPLIST_KEY_NSHumanReadableCopyright = "";
				LD_RUNPATH_SEARCH_PATHS = (
					"$(inherited)",
					"@executable_path/Frameworks",
					"@executable_path/../../Frameworks",
				);
				MARKETING_VERSION = 1.1;
				PRODUCT_BUNDLE_IDENTIFIER = "li.xipu.mealq.notifications-for-mealq";
				PRODUCT_NAME = "$(TARGET_NAME)";
				SKIP_INSTALL = YES;
				SWIFT_EMIT_LOC_STRINGS = YES;
				SWIFT_VERSION = 5.0;
				TARGETED_DEVICE_FAMILY = 1;
			};
			name = Release;
		};
		80C1206F272E02CC006D125D /* Debug */ = {
			isa = XCBuildConfiguration;
			buildSettings = {
				ALWAYS_SEARCH_USER_PATHS = NO;
				CLANG_ANALYZER_NONNULL = YES;
				CLANG_ANALYZER_NUMBER_OBJECT_CONVERSION = YES_AGGRESSIVE;
				CLANG_CXX_LANGUAGE_STANDARD = "gnu++17";
				CLANG_CXX_LIBRARY = "libc++";
				CLANG_ENABLE_MODULES = YES;
				CLANG_ENABLE_OBJC_ARC = YES;
				CLANG_ENABLE_OBJC_WEAK = YES;
				CLANG_WARN_BLOCK_CAPTURE_AUTORELEASING = YES;
				CLANG_WARN_BOOL_CONVERSION = YES;
				CLANG_WARN_COMMA = YES;
				CLANG_WARN_CONSTANT_CONVERSION = YES;
				CLANG_WARN_DEPRECATED_OBJC_IMPLEMENTATIONS = YES;
				CLANG_WARN_DIRECT_OBJC_ISA_USAGE = YES_ERROR;
				CLANG_WARN_DOCUMENTATION_COMMENTS = YES;
				CLANG_WARN_EMPTY_BODY = YES;
				CLANG_WARN_ENUM_CONVERSION = YES;
				CLANG_WARN_INFINITE_RECURSION = YES;
				CLANG_WARN_INT_CONVERSION = YES;
				CLANG_WARN_NON_LITERAL_NULL_CONVERSION = YES;
				CLANG_WARN_OBJC_IMPLICIT_RETAIN_SELF = YES;
				CLANG_WARN_OBJC_LITERAL_CONVERSION = YES;
				CLANG_WARN_OBJC_ROOT_CLASS = YES_ERROR;
				CLANG_WARN_QUOTED_INCLUDE_IN_FRAMEWORK_HEADER = YES;
				CLANG_WARN_RANGE_LOOP_ANALYSIS = YES;
				CLANG_WARN_STRICT_PROTOTYPES = YES;
				CLANG_WARN_SUSPICIOUS_MOVE = YES;
				CLANG_WARN_UNGUARDED_AVAILABILITY = YES_AGGRESSIVE;
				CLANG_WARN_UNREACHABLE_CODE = YES;
				CLANG_WARN__DUPLICATE_METHOD_MATCH = YES;
				COPY_PHASE_STRIP = NO;
				DEBUG_INFORMATION_FORMAT = dwarf;
				ENABLE_STRICT_OBJC_MSGSEND = YES;
				ENABLE_TESTABILITY = YES;
				GCC_C_LANGUAGE_STANDARD = gnu11;
				GCC_DYNAMIC_NO_PIC = NO;
				GCC_NO_COMMON_BLOCKS = YES;
				GCC_OPTIMIZATION_LEVEL = 0;
				GCC_PREPROCESSOR_DEFINITIONS = (
					"DEBUG=1",
					"$(inherited)",
				);
				GCC_WARN_64_TO_32_BIT_CONVERSION = YES;
				GCC_WARN_ABOUT_RETURN_TYPE = YES_ERROR;
				GCC_WARN_UNDECLARED_SELECTOR = YES;
				GCC_WARN_UNINITIALIZED_AUTOS = YES_AGGRESSIVE;
				GCC_WARN_UNUSED_FUNCTION = YES;
				GCC_WARN_UNUSED_VARIABLE = YES;
				IPHONEOS_DEPLOYMENT_TARGET = 15.0;
				MTL_ENABLE_DEBUG_INFO = INCLUDE_SOURCE;
				MTL_FAST_MATH = YES;
				ONLY_ACTIVE_ARCH = YES;
				SDKROOT = iphoneos;
				SWIFT_ACTIVE_COMPILATION_CONDITIONS = DEBUG;
				SWIFT_OPTIMIZATION_LEVEL = "-Onone";
			};
			name = Debug;
		};
		80C12070272E02CC006D125D /* Release */ = {
			isa = XCBuildConfiguration;
			buildSettings = {
				ALWAYS_SEARCH_USER_PATHS = NO;
				CLANG_ANALYZER_NONNULL = YES;
				CLANG_ANALYZER_NUMBER_OBJECT_CONVERSION = YES_AGGRESSIVE;
				CLANG_CXX_LANGUAGE_STANDARD = "gnu++17";
				CLANG_CXX_LIBRARY = "libc++";
				CLANG_ENABLE_MODULES = YES;
				CLANG_ENABLE_OBJC_ARC = YES;
				CLANG_ENABLE_OBJC_WEAK = YES;
				CLANG_WARN_BLOCK_CAPTURE_AUTORELEASING = YES;
				CLANG_WARN_BOOL_CONVERSION = YES;
				CLANG_WARN_COMMA = YES;
				CLANG_WARN_CONSTANT_CONVERSION = YES;
				CLANG_WARN_DEPRECATED_OBJC_IMPLEMENTATIONS = YES;
				CLANG_WARN_DIRECT_OBJC_ISA_USAGE = YES_ERROR;
				CLANG_WARN_DOCUMENTATION_COMMENTS = YES;
				CLANG_WARN_EMPTY_BODY = YES;
				CLANG_WARN_ENUM_CONVERSION = YES;
				CLANG_WARN_INFINITE_RECURSION = YES;
				CLANG_WARN_INT_CONVERSION = YES;
				CLANG_WARN_NON_LITERAL_NULL_CONVERSION = YES;
				CLANG_WARN_OBJC_IMPLICIT_RETAIN_SELF = YES;
				CLANG_WARN_OBJC_LITERAL_CONVERSION = YES;
				CLANG_WARN_OBJC_ROOT_CLASS = YES_ERROR;
				CLANG_WARN_QUOTED_INCLUDE_IN_FRAMEWORK_HEADER = YES;
				CLANG_WARN_RANGE_LOOP_ANALYSIS = YES;
				CLANG_WARN_STRICT_PROTOTYPES = YES;
				CLANG_WARN_SUSPICIOUS_MOVE = YES;
				CLANG_WARN_UNGUARDED_AVAILABILITY = YES_AGGRESSIVE;
				CLANG_WARN_UNREACHABLE_CODE = YES;
				CLANG_WARN__DUPLICATE_METHOD_MATCH = YES;
				COPY_PHASE_STRIP = NO;
				DEBUG_INFORMATION_FORMAT = "dwarf-with-dsym";
				ENABLE_NS_ASSERTIONS = NO;
				ENABLE_STRICT_OBJC_MSGSEND = YES;
				GCC_C_LANGUAGE_STANDARD = gnu11;
				GCC_NO_COMMON_BLOCKS = YES;
				GCC_WARN_64_TO_32_BIT_CONVERSION = YES;
				GCC_WARN_ABOUT_RETURN_TYPE = YES_ERROR;
				GCC_WARN_UNDECLARED_SELECTOR = YES;
				GCC_WARN_UNINITIALIZED_AUTOS = YES_AGGRESSIVE;
				GCC_WARN_UNUSED_FUNCTION = YES;
				GCC_WARN_UNUSED_VARIABLE = YES;
				IPHONEOS_DEPLOYMENT_TARGET = 15.0;
				MTL_ENABLE_DEBUG_INFO = NO;
				MTL_FAST_MATH = YES;
				SDKROOT = iphoneos;
				SWIFT_COMPILATION_MODE = wholemodule;
				SWIFT_OPTIMIZATION_LEVEL = "-O";
				VALIDATE_PRODUCT = YES;
			};
			name = Release;
		};
		80C12072272E02CC006D125D /* Debug */ = {
			isa = XCBuildConfiguration;
			buildSettings = {
				ALWAYS_EMBED_SWIFT_STANDARD_LIBRARIES = YES;
				ASSETCATALOG_COMPILER_APPICON_NAME = AppIcon;
				ASSETCATALOG_COMPILER_GLOBAL_ACCENT_COLOR_NAME = AccentColor;
				CODE_SIGN_ENTITLEMENTS = mealq/mealq.entitlements;
				CODE_SIGN_IDENTITY = "Apple Development";
				CODE_SIGN_STYLE = Automatic;
				CURRENT_PROJECT_VERSION = 9;
				DEVELOPMENT_ASSET_PATHS = "\"mealq/Preview Content\"";
				DEVELOPMENT_TEAM = AZ5YZ6A37J;
				ENABLE_PREVIEWS = YES;
				GENERATE_INFOPLIST_FILE = YES;
				INFOPLIST_FILE = mealq/Info.plist;
				INFOPLIST_KEY_UIApplicationSceneManifest_Generation = YES;
				INFOPLIST_KEY_UIApplicationSupportsIndirectInputEvents = YES;
				INFOPLIST_KEY_UILaunchScreen_Generation = YES;
				INFOPLIST_KEY_UISupportedInterfaceOrientations = UIInterfaceOrientationPortrait;
				INFOPLIST_KEY_UISupportedInterfaceOrientations_iPad = "UIInterfaceOrientationPortrait UIInterfaceOrientationPortraitUpsideDown UIInterfaceOrientationLandscapeLeft UIInterfaceOrientationLandscapeRight";
				INFOPLIST_KEY_UISupportedInterfaceOrientations_iPhone = UIInterfaceOrientationPortrait;
				IPHONEOS_DEPLOYMENT_TARGET = 15.0;
				LD_RUNPATH_SEARCH_PATHS = (
					"$(inherited)",
					"@executable_path/Frameworks",
				);
				MARKETING_VERSION = 1.1;
				PRODUCT_BUNDLE_IDENTIFIER = li.xipu.mealq;
				PRODUCT_NAME = "$(TARGET_NAME)";
				PROVISIONING_PROFILE_SPECIFIER = "";
				SWIFT_EMIT_LOC_STRINGS = YES;
				SWIFT_VERSION = 5.0;
				TARGETED_DEVICE_FAMILY = 1;
			};
			name = Debug;
		};
		80C12073272E02CC006D125D /* Release */ = {
			isa = XCBuildConfiguration;
			buildSettings = {
				ALWAYS_EMBED_SWIFT_STANDARD_LIBRARIES = YES;
				ASSETCATALOG_COMPILER_APPICON_NAME = AppIcon;
				ASSETCATALOG_COMPILER_GLOBAL_ACCENT_COLOR_NAME = AccentColor;
				CODE_SIGN_ENTITLEMENTS = mealq/mealq.entitlements;
				CODE_SIGN_IDENTITY = "Apple Development";
				CODE_SIGN_STYLE = Automatic;
				CURRENT_PROJECT_VERSION = 9;
				DEVELOPMENT_ASSET_PATHS = "\"mealq/Preview Content\"";
				DEVELOPMENT_TEAM = AZ5YZ6A37J;
				ENABLE_PREVIEWS = YES;
				GENERATE_INFOPLIST_FILE = YES;
				INFOPLIST_FILE = mealq/Info.plist;
				INFOPLIST_KEY_UIApplicationSceneManifest_Generation = YES;
				INFOPLIST_KEY_UIApplicationSupportsIndirectInputEvents = YES;
				INFOPLIST_KEY_UILaunchScreen_Generation = YES;
				INFOPLIST_KEY_UISupportedInterfaceOrientations = UIInterfaceOrientationPortrait;
				INFOPLIST_KEY_UISupportedInterfaceOrientations_iPad = "UIInterfaceOrientationPortrait UIInterfaceOrientationPortraitUpsideDown UIInterfaceOrientationLandscapeLeft UIInterfaceOrientationLandscapeRight";
				INFOPLIST_KEY_UISupportedInterfaceOrientations_iPhone = UIInterfaceOrientationPortrait;
				IPHONEOS_DEPLOYMENT_TARGET = 15.0;
				LD_RUNPATH_SEARCH_PATHS = (
					"$(inherited)",
					"@executable_path/Frameworks",
				);
				MARKETING_VERSION = 1.1;
				PRODUCT_BUNDLE_IDENTIFIER = li.xipu.mealq;
				PRODUCT_NAME = "$(TARGET_NAME)";
				PROVISIONING_PROFILE_SPECIFIER = "";
				SWIFT_EMIT_LOC_STRINGS = YES;
				SWIFT_VERSION = 5.0;
				TARGETED_DEVICE_FAMILY = 1;
			};
			name = Release;
		};
/* End XCBuildConfiguration section */

/* Begin XCConfigurationList section */
		802BC31B273DC926004F1505 /* Build configuration list for PBXNativeTarget "notifications for mealq" */ = {
			isa = XCConfigurationList;
			buildConfigurations = (
				802BC319273DC926004F1505 /* Debug */,
				802BC31A273DC926004F1505 /* Release */,
			);
			defaultConfigurationIsVisible = 0;
			defaultConfigurationName = Release;
		};
		80C1205E272E02CB006D125D /* Build configuration list for PBXProject "mealq" */ = {
			isa = XCConfigurationList;
			buildConfigurations = (
				80C1206F272E02CC006D125D /* Debug */,
				80C12070272E02CC006D125D /* Release */,
			);
			defaultConfigurationIsVisible = 0;
			defaultConfigurationName = Release;
		};
		80C12071272E02CC006D125D /* Build configuration list for PBXNativeTarget "mealq" */ = {
			isa = XCConfigurationList;
			buildConfigurations = (
				80C12072272E02CC006D125D /* Debug */,
				80C12073272E02CC006D125D /* Release */,
			);
			defaultConfigurationIsVisible = 0;
			defaultConfigurationName = Release;
		};
/* End XCConfigurationList section */

/* Begin XCRemoteSwiftPackageReference section */
		802BC3342745AA6D004F1505 /* XCRemoteSwiftPackageReference "SwiftUI-Introspect" */ = {
			isa = XCRemoteSwiftPackageReference;
			repositoryURL = "https://github.com/timbersoftware/SwiftUI-Introspect";
			requirement = {
				kind = upToNextMajorVersion;
				minimumVersion = 0.1.3;
			};
		};
		802E5607275C592900464CA6 /* XCRemoteSwiftPackageReference "lottie-ios" */ = {
			isa = XCRemoteSwiftPackageReference;
			repositoryURL = "https://github.com/airbnb/lottie-ios";
			requirement = {
				kind = upToNextMajorVersion;
				minimumVersion = 3.0.0;
			};
		};
		80A8B70F27A5E629002A5C58 /* XCRemoteSwiftPackageReference "GoogleSignIn-iOS" */ = {
			isa = XCRemoteSwiftPackageReference;
			repositoryURL = "https://github.com/google/GoogleSignIn-iOS.git";
			requirement = {
				kind = upToNextMajorVersion;
				minimumVersion = 6.0.0;
			};
		};
		80C12076272E0341006D125D /* XCRemoteSwiftPackageReference "firebase-ios-sdk" */ = {
			isa = XCRemoteSwiftPackageReference;
			repositoryURL = "https://github.com/firebase/firebase-ios-sdk.git";
			requirement = {
				kind = upToNextMajorVersion;
				minimumVersion = 8.0.0;
			};
		};
		80C12082272E06A1006D125D /* XCRemoteSwiftPackageReference "facebook-ios-sdk" */ = {
			isa = XCRemoteSwiftPackageReference;
			repositoryURL = "https://github.com/facebook/facebook-ios-sdk";
			requirement = {
				kind = upToNextMajorVersion;
				minimumVersion = 9.0.0;
			};
		};
		80C120AD272F86C9006D125D /* XCRemoteSwiftPackageReference "ActivityIndicatorView" */ = {
			isa = XCRemoteSwiftPackageReference;
			repositoryURL = "https://github.com/exyte/ActivityIndicatorView.git";
			requirement = {
				kind = upToNextMajorVersion;
				minimumVersion = 1.0.0;
			};
		};
/* End XCRemoteSwiftPackageReference section */

/* Begin XCSwiftPackageProductDependency section */
		802BC31D273DC92F004F1505 /* FirebaseMessaging */ = {
			isa = XCSwiftPackageProductDependency;
			package = 80C12076272E0341006D125D /* XCRemoteSwiftPackageReference "firebase-ios-sdk" */;
			productName = FirebaseMessaging;
		};
		802BC32D27435472004F1505 /* FirebaseAppCheck */ = {
			isa = XCSwiftPackageProductDependency;
			package = 80C12076272E0341006D125D /* XCRemoteSwiftPackageReference "firebase-ios-sdk" */;
			productName = FirebaseAppCheck;
		};
		802BC32F27435561004F1505 /* FirebaseAnalytics */ = {
			isa = XCSwiftPackageProductDependency;
			package = 80C12076272E0341006D125D /* XCRemoteSwiftPackageReference "firebase-ios-sdk" */;
			productName = FirebaseAnalytics;
		};
		802BC3352745AA6E004F1505 /* Introspect */ = {
			isa = XCSwiftPackageProductDependency;
			package = 802BC3342745AA6D004F1505 /* XCRemoteSwiftPackageReference "SwiftUI-Introspect" */;
			productName = Introspect;
		};
		802E5608275C592900464CA6 /* Lottie */ = {
			isa = XCSwiftPackageProductDependency;
			package = 802E5607275C592900464CA6 /* XCRemoteSwiftPackageReference "lottie-ios" */;
			productName = Lottie;
		};
		80A8B71027A5E629002A5C58 /* GoogleSignIn */ = {
			isa = XCSwiftPackageProductDependency;
			package = 80A8B70F27A5E629002A5C58 /* XCRemoteSwiftPackageReference "GoogleSignIn-iOS" */;
			productName = GoogleSignIn;
		};
		80C12079272E0341006D125D /* FirebaseAuth */ = {
			isa = XCSwiftPackageProductDependency;
			package = 80C12076272E0341006D125D /* XCRemoteSwiftPackageReference "firebase-ios-sdk" */;
			productName = FirebaseAuth;
		};
		80C1207B272E0341006D125D /* FirebaseFirestore */ = {
			isa = XCSwiftPackageProductDependency;
			package = 80C12076272E0341006D125D /* XCRemoteSwiftPackageReference "firebase-ios-sdk" */;
			productName = FirebaseFirestore;
		};
		80C1207D272E0341006D125D /* FirebaseMessaging */ = {
			isa = XCSwiftPackageProductDependency;
			package = 80C12076272E0341006D125D /* XCRemoteSwiftPackageReference "firebase-ios-sdk" */;
			productName = FirebaseMessaging;
		};
		80C1207F272E0341006D125D /* FirebaseStorage */ = {
			isa = XCSwiftPackageProductDependency;
			package = 80C12076272E0341006D125D /* XCRemoteSwiftPackageReference "firebase-ios-sdk" */;
			productName = FirebaseStorage;
		};
		80C12083272E06A1006D125D /* FacebookCore */ = {
			isa = XCSwiftPackageProductDependency;
			package = 80C12082272E06A1006D125D /* XCRemoteSwiftPackageReference "facebook-ios-sdk" */;
			productName = FacebookCore;
		};
		80C12085272E06A1006D125D /* FacebookLogin */ = {
			isa = XCSwiftPackageProductDependency;
			package = 80C12082272E06A1006D125D /* XCRemoteSwiftPackageReference "facebook-ios-sdk" */;
			productName = FacebookLogin;
		};
		80C120AE272F86C9006D125D /* ActivityIndicatorView */ = {
			isa = XCSwiftPackageProductDependency;
			package = 80C120AD272F86C9006D125D /* XCRemoteSwiftPackageReference "ActivityIndicatorView" */;
			productName = ActivityIndicatorView;
		};
		80E721662790AA4A00FBB6E3 /* FirebaseFunctions */ = {
			isa = XCSwiftPackageProductDependency;
			package = 80C12076272E0341006D125D /* XCRemoteSwiftPackageReference "firebase-ios-sdk" */;
			productName = FirebaseFunctions;
		};
/* End XCSwiftPackageProductDependency section */
	};
	rootObject = 80C1205B272E02CB006D125D /* Project object */;
}
